// !$*UTF8*$!
{
	archiveVersion = 1;
	classes = {
	};
	objectVersion = 50;
	objects = {

/* Begin PBXBuildFile section */
		84314E2121BD71E1007A5676 /* MemeController+Keyboard.swift in Sources */ = {isa = PBXBuildFile; fileRef = 84314E1A21BD71E1007A5676 /* MemeController+Keyboard.swift */; };
		84314E2221BD71E1007A5676 /* MemeController+Toolbar.swift in Sources */ = {isa = PBXBuildFile; fileRef = 84314E1B21BD71E1007A5676 /* MemeController+Toolbar.swift */; };
		84314E2321BD71E1007A5676 /* MemeObject.swift in Sources */ = {isa = PBXBuildFile; fileRef = 84314E1C21BD71E1007A5676 /* MemeObject.swift */; };
		84314E2621BD71E1007A5676 /* MemeController.swift in Sources */ = {isa = PBXBuildFile; fileRef = 84314E1F21BD71E1007A5676 /* MemeController.swift */; };
		84314E2721BD71E1007A5676 /* MemeController+TextField.swift in Sources */ = {isa = PBXBuildFile; fileRef = 84314E2021BD71E1007A5676 /* MemeController+TextField.swift */; };
		8431C1EB21B705EC0017CF39 /* AppDelegate.swift in Sources */ = {isa = PBXBuildFile; fileRef = 8431C1EA21B705EC0017CF39 /* AppDelegate.swift */; };
		8431C1F021B705EC0017CF39 /* Main.storyboard in Resources */ = {isa = PBXBuildFile; fileRef = 8431C1EE21B705EC0017CF39 /* Main.storyboard */; };
		8431C1F221B705EE0017CF39 /* Assets.xcassets in Resources */ = {isa = PBXBuildFile; fileRef = 8431C1F121B705EE0017CF39 /* Assets.xcassets */; };
		8431C1F521B705EE0017CF39 /* LaunchScreen.storyboard in Resources */ = {isa = PBXBuildFile; fileRef = 8431C1F321B705EE0017CF39 /* LaunchScreen.storyboard */; };
		8431C1FD21B7077C0017CF39 /* CustomTabController.swift in Sources */ = {isa = PBXBuildFile; fileRef = 8431C1FC21B7077C0017CF39 /* CustomTabController.swift */; };
		8431C1FF21B708010017CF39 /* TableController.swift in Sources */ = {isa = PBXBuildFile; fileRef = 8431C1FE21B708010017CF39 /* TableController.swift */; };
		8431C20121B708270017CF39 /* CollectionController.swift in Sources */ = {isa = PBXBuildFile; fileRef = 8431C20021B708270017CF39 /* CollectionController.swift */; };
		8450B7E721BEDF930022D8F6 /* MemeCollectionViewCell.swift in Sources */ = {isa = PBXBuildFile; fileRef = 8450B7E621BEDF930022D8F6 /* MemeCollectionViewCell.swift */; };
/* End PBXBuildFile section */

/* Begin PBXFileReference section */
		84314E1A21BD71E1007A5676 /* MemeController+Keyboard.swift */ = {isa = PBXFileReference; fileEncoding = 4; lastKnownFileType = sourcecode.swift; path = "MemeController+Keyboard.swift"; sourceTree = "<group>"; };
		84314E1B21BD71E1007A5676 /* MemeController+Toolbar.swift */ = {isa = PBXFileReference; fileEncoding = 4; lastKnownFileType = sourcecode.swift; path = "MemeController+Toolbar.swift"; sourceTree = "<group>"; };
		84314E1C21BD71E1007A5676 /* MemeObject.swift */ = {isa = PBXFileReference; fileEncoding = 4; lastKnownFileType = sourcecode.swift; path = MemeObject.swift; sourceTree = "<group>"; };
		84314E1F21BD71E1007A5676 /* MemeController.swift */ = {isa = PBXFileReference; fileEncoding = 4; lastKnownFileType = sourcecode.swift; path = MemeController.swift; sourceTree = "<group>"; };
		84314E2021BD71E1007A5676 /* MemeController+TextField.swift */ = {isa = PBXFileReference; fileEncoding = 4; lastKnownFileType = sourcecode.swift; path = "MemeController+TextField.swift"; sourceTree = "<group>"; };
		8431C1E721B705EC0017CF39 /* Meme-2.0.app */ = {isa = PBXFileReference; explicitFileType = wrapper.application; includeInIndex = 0; path = "Meme-2.0.app"; sourceTree = BUILT_PRODUCTS_DIR; };
		8431C1EA21B705EC0017CF39 /* AppDelegate.swift */ = {isa = PBXFileReference; lastKnownFileType = sourcecode.swift; path = AppDelegate.swift; sourceTree = "<group>"; };
		8431C1EF21B705EC0017CF39 /* Base */ = {isa = PBXFileReference; lastKnownFileType = file.storyboard; name = Base; path = Base.lproj/Main.storyboard; sourceTree = "<group>"; };
		8431C1F121B705EE0017CF39 /* Assets.xcassets */ = {isa = PBXFileReference; lastKnownFileType = folder.assetcatalog; path = Assets.xcassets; sourceTree = "<group>"; };
		8431C1F421B705EE0017CF39 /* Base */ = {isa = PBXFileReference; lastKnownFileType = file.storyboard; name = Base; path = Base.lproj/LaunchScreen.storyboard; sourceTree = "<group>"; };
		8431C1F621B705EE0017CF39 /* Info.plist */ = {isa = PBXFileReference; lastKnownFileType = text.plist.xml; path = Info.plist; sourceTree = "<group>"; };
		8431C1FC21B7077C0017CF39 /* CustomTabController.swift */ = {isa = PBXFileReference; lastKnownFileType = sourcecode.swift; path = CustomTabController.swift; sourceTree = "<group>"; };
		8431C1FE21B708010017CF39 /* TableController.swift */ = {isa = PBXFileReference; lastKnownFileType = sourcecode.swift; path = TableController.swift; sourceTree = "<group>"; };
		8431C20021B708270017CF39 /* CollectionController.swift */ = {isa = PBXFileReference; lastKnownFileType = sourcecode.swift; path = CollectionController.swift; sourceTree = "<group>"; };
		8450B7E621BEDF930022D8F6 /* MemeCollectionViewCell.swift */ = {isa = PBXFileReference; lastKnownFileType = sourcecode.swift; path = MemeCollectionViewCell.swift; sourceTree = "<group>"; };
/* End PBXFileReference section */

/* Begin PBXFrameworksBuildPhase section */
		8431C1E421B705EC0017CF39 /* Frameworks */ = {
			isa = PBXFrameworksBuildPhase;
			buildActionMask = 2147483647;
			files = (
			);
			runOnlyForDeploymentPostprocessing = 0;
		};
/* End PBXFrameworksBuildPhase section */

/* Begin PBXGroup section */
		8431C1DE21B705EC0017CF39 = {
			isa = PBXGroup;
			children = (
				8431C1E921B705EC0017CF39 /* Meme-2.0 */,
				8431C1E821B705EC0017CF39 /* Products */,
			);
			sourceTree = "<group>";
		};
		8431C1E821B705EC0017CF39 /* Products */ = {
			isa = PBXGroup;
			children = (
				8431C1E721B705EC0017CF39 /* Meme-2.0.app */,
			);
			name = Products;
			sourceTree = "<group>";
		};
		8431C1E921B705EC0017CF39 /* Meme-2.0 */ = {
			isa = PBXGroup;
			children = (
				84E3FD4121BE73F9008B43D9 /* Support */,
				84E3FD3D21BDAE4F008B43D9 /* Create_Meme */,
				8450B7E621BEDF930022D8F6 /* MemeCollectionViewCell.swift */,
				8431C20021B708270017CF39 /* CollectionController.swift */,
				8431C1FC21B7077C0017CF39 /* CustomTabController.swift */,
				8431C1FE21B708010017CF39 /* TableController.swift */,
				84314E1C21BD71E1007A5676 /* MemeObject.swift */,
				8431C1F621B705EE0017CF39 /* Info.plist */,
			);
			path = "Meme-2.0";
			sourceTree = "<group>";
		};
		84E3FD3D21BDAE4F008B43D9 /* Create_Meme */ = {
			isa = PBXGroup;
			children = (
				84314E1A21BD71E1007A5676 /* MemeController+Keyboard.swift */,
				84314E1B21BD71E1007A5676 /* MemeController+Toolbar.swift */,
				84314E1F21BD71E1007A5676 /* MemeController.swift */,
				84314E2021BD71E1007A5676 /* MemeController+TextField.swift */,
			);
			path = Create_Meme;
			sourceTree = "<group>";
		};
		84E3FD4121BE73F9008B43D9 /* Support */ = {
			isa = PBXGroup;
			children = (
				8431C1F321B705EE0017CF39 /* LaunchScreen.storyboard */,
				8431C1F121B705EE0017CF39 /* Assets.xcassets */,
				8431C1EE21B705EC0017CF39 /* Main.storyboard */,
				8431C1EA21B705EC0017CF39 /* AppDelegate.swift */,
			);
			path = Support;
			sourceTree = "<group>";
		};
/* End PBXGroup section */

/* Begin PBXNativeTarget section */
		8431C1E621B705EC0017CF39 /* Meme-2.0 */ = {
			isa = PBXNativeTarget;
			buildConfigurationList = 8431C1F921B705EE0017CF39 /* Build configuration list for PBXNativeTarget "Meme-2.0" */;
			buildPhases = (
				8431C1E321B705EC0017CF39 /* Sources */,
				8431C1E421B705EC0017CF39 /* Frameworks */,
				8431C1E521B705EC0017CF39 /* Resources */,
			);
			buildRules = (
			);
			dependencies = (
			);
			name = "Meme-2.0";
			productName = "Meme-2.0";
			productReference = 8431C1E721B705EC0017CF39 /* Meme-2.0.app */;
			productType = "com.apple.product-type.application";
		};
/* End PBXNativeTarget section */

/* Begin PBXProject section */
		8431C1DF21B705EC0017CF39 /* Project object */ = {
			isa = PBXProject;
			attributes = {
				LastSwiftUpdateCheck = 1010;
				LastUpgradeCheck = 1010;
				ORGANIZATIONNAME = admin;
				TargetAttributes = {
					8431C1E621B705EC0017CF39 = {
						CreatedOnToolsVersion = 10.1;
					};
				};
			};
			buildConfigurationList = 8431C1E221B705EC0017CF39 /* Build configuration list for PBXProject "Meme-2.0" */;
			compatibilityVersion = "Xcode 9.3";
			developmentRegion = en;
			hasScannedForEncodings = 0;
			knownRegions = (
				en,
				Base,
			);
			mainGroup = 8431C1DE21B705EC0017CF39;
			productRefGroup = 8431C1E821B705EC0017CF39 /* Products */;
			projectDirPath = "";
			projectRoot = "";
			targets = (
				8431C1E621B705EC0017CF39 /* Meme-2.0 */,
			);
		};
/* End PBXProject section */

/* Begin PBXResourcesBuildPhase section */
		8431C1E521B705EC0017CF39 /* Resources */ = {
			isa = PBXResourcesBuildPhase;
			buildActionMask = 2147483647;
			files = (
				8431C1F521B705EE0017CF39 /* LaunchScreen.storyboard in Resources */,
				8431C1F221B705EE0017CF39 /* Assets.xcassets in Resources */,
				8431C1F021B705EC0017CF39 /* Main.storyboard in Resources */,
			);
			runOnlyForDeploymentPostprocessing = 0;
		};
/* End PBXResourcesBuildPhase section */

/* Begin PBXSourcesBuildPhase section */
		8431C1E321B705EC0017CF39 /* Sources */ = {
			isa = PBXSourcesBuildPhase;
			buildActionMask = 2147483647;
			files = (
				8450B7E721BEDF930022D8F6 /* MemeCollectionViewCell.swift in Sources */,
				8431C1FD21B7077C0017CF39 /* CustomTabController.swift in Sources */,
				84314E2321BD71E1007A5676 /* MemeObject.swift in Sources */,
				84314E2121BD71E1007A5676 /* MemeController+Keyboard.swift in Sources */,
				8431C20121B708270017CF39 /* CollectionController.swift in Sources */,
				8431C1FF21B708010017CF39 /* TableController.swift in Sources */,
				8431C1EB21B705EC0017CF39 /* AppDelegate.swift in Sources */,
				84314E2721BD71E1007A5676 /* MemeController+TextField.swift in Sources */,
				84314E2621BD71E1007A5676 /* MemeController.swift in Sources */,
				84314E2221BD71E1007A5676 /* MemeController+Toolbar.swift in Sources */,
			);
			runOnlyForDeploymentPostprocessing = 0;
		};
/* End PBXSourcesBuildPhase section */

/* Begin PBXVariantGroup section */
		8431C1EE21B705EC0017CF39 /* Main.storyboard */ = {
			isa = PBXVariantGroup;
			children = (
				8431C1EF21B705EC0017CF39 /* Base */,
			);
			name = Main.storyboard;
			sourceTree = "<group>";
		};
		8431C1F321B705EE0017CF39 /* LaunchScreen.storyboard */ = {
			isa = PBXVariantGroup;
			children = (
				8431C1F421B705EE0017CF39 /* Base */,
			);
			name = LaunchScreen.storyboard;
			sourceTree = "<group>";
		};
/* End PBXVariantGroup section */

/* Begin XCBuildConfiguration section */
		8431C1F721B705EE0017CF39 /* Debug */ = {
			isa = XCBuildConfiguration;
			buildSettings = {
				ALWAYS_SEARCH_USER_PATHS = NO;
				CLANG_ANALYZER_NONNULL = YES;
				CLANG_ANALYZER_NUMBER_OBJECT_CONVERSION = YES_AGGRESSIVE;
				CLANG_CXX_LANGUAGE_STANDARD = "gnu++14";
				CLANG_CXX_LIBRARY = "libc++";
				CLANG_ENABLE_MODULES = YES;
				CLANG_ENABLE_OBJC_ARC = YES;
				CLANG_ENABLE_OBJC_WEAK = YES;
				CLANG_WARN_BLOCK_CAPTURE_AUTORELEASING = YES;
				CLANG_WARN_BOOL_CONVERSION = YES;
				CLANG_WARN_COMMA = YES;
				CLANG_WARN_CONSTANT_CONVERSION = YES;
				CLANG_WARN_DEPRECATED_OBJC_IMPLEMENTATIONS = YES;
				CLANG_WARN_DIRECT_OBJC_ISA_USAGE = YES_ERROR;
				CLANG_WARN_DOCUMENTATION_COMMENTS = YES;
				CLANG_WARN_EMPTY_BODY = YES;
				CLANG_WARN_ENUM_CONVERSION = YES;
				CLANG_WARN_INFINITE_RECURSION = YES;
				CLANG_WARN_INT_CONVERSION = YES;
				CLANG_WARN_NON_LITERAL_NULL_CONVERSION = YES;
				CLANG_WARN_OBJC_IMPLICIT_RETAIN_SELF = YES;
				CLANG_WARN_OBJC_LITERAL_CONVERSION = YES;
				CLANG_WARN_OBJC_ROOT_CLASS = YES_ERROR;
				CLANG_WARN_RANGE_LOOP_ANALYSIS = YES;
				CLANG_WARN_STRICT_PROTOTYPES = YES;
				CLANG_WARN_SUSPICIOUS_MOVE = YES;
				CLANG_WARN_UNGUARDED_AVAILABILITY = YES_AGGRESSIVE;
				CLANG_WARN_UNREACHABLE_CODE = YES;
				CLANG_WARN__DUPLICATE_METHOD_MATCH = YES;
				CODE_SIGN_IDENTITY = "iPhone Developer";
				COPY_PHASE_STRIP = NO;
				DEBUG_INFORMATION_FORMAT = dwarf;
				ENABLE_STRICT_OBJC_MSGSEND = YES;
				ENABLE_TESTABILITY = YES;
				GCC_C_LANGUAGE_STANDARD = gnu11;
				GCC_DYNAMIC_NO_PIC = NO;
				GCC_NO_COMMON_BLOCKS = YES;
				GCC_OPTIMIZATION_LEVEL = 0;
				GCC_PREPROCESSOR_DEFINITIONS = (
					"DEBUG=1",
					"$(inherited)",
				);
				GCC_WARN_64_TO_32_BIT_CONVERSION = YES;
				GCC_WARN_ABOUT_RETURN_TYPE = YES_ERROR;
				GCC_WARN_UNDECLARED_SELECTOR = YES;
				GCC_WARN_UNINITIALIZED_AUTOS = YES_AGGRESSIVE;
				GCC_WARN_UNUSED_FUNCTION = YES;
				GCC_WARN_UNUSED_VARIABLE = YES;
				IPHONEOS_DEPLOYMENT_TARGET = 12.1;
				MTL_ENABLE_DEBUG_INFO = INCLUDE_SOURCE;
				MTL_FAST_MATH = YES;
				ONLY_ACTIVE_ARCH = YES;
				SDKROOT = iphoneos;
				SWIFT_ACTIVE_COMPILATION_CONDITIONS = DEBUG;
				SWIFT_OPTIMIZATION_LEVEL = "-Onone";
			};
			name = Debug;
		};
		8431C1F821B705EE0017CF39 /* Release */ = {
			isa = XCBuildConfiguration;
			buildSettings = {
				ALWAYS_SEARCH_USER_PATHS = NO;
				CLANG_ANALYZER_NONNULL = YES;
				CLANG_ANALYZER_NUMBER_OBJECT_CONVERSION = YES_AGGRESSIVE;
				CLANG_CXX_LANGUAGE_STANDARD = "gnu++14";
				CLANG_CXX_LIBRARY = "libc++";
				CLANG_ENABLE_MODULES = YES;
				CLANG_ENABLE_OBJC_ARC = YES;
				CLANG_ENABLE_OBJC_WEAK = YES;
				CLANG_WARN_BLOCK_CAPTURE_AUTORELEASING = YES;
				CLANG_WARN_BOOL_CONVERSION = YES;
				CLANG_WARN_COMMA = YES;
				CLANG_WARN_CONSTANT_CONVERSION = YES;
				CLANG_WARN_DEPRECATED_OBJC_IMPLEMENTATIONS = YES;
				CLANG_WARN_DIRECT_OBJC_ISA_USAGE = YES_ERROR;
				CLANG_WARN_DOCUMENTATION_COMMENTS = YES;
				CLANG_WARN_EMPTY_BODY = YES;
				CLANG_WARN_ENUM_CONVERSION = YES;
				CLANG_WARN_INFINITE_RECURSION = YES;
				CLANG_WARN_INT_CONVERSION = YES;
				CLANG_WARN_NON_LITERAL_NULL_CONVERSION = YES;
				CLANG_WARN_OBJC_IMPLICIT_RETAIN_SELF = YES;
				CLANG_WARN_OBJC_LITERAL_CONVERSION = YES;
				CLANG_WARN_OBJC_ROOT_CLASS = YES_ERROR;
				CLANG_WARN_RANGE_LOOP_ANALYSIS = YES;
				CLANG_WARN_STRICT_PROTOTYPES = YES;
				CLANG_WARN_SUSPICIOUS_MOVE = YES;
				CLANG_WARN_UNGUARDED_AVAILABILITY = YES_AGGRESSIVE;
				CLANG_WARN_UNREACHABLE_CODE = YES;
				CLANG_WARN__DUPLICATE_METHOD_MATCH = YES;
				CODE_SIGN_IDENTITY = "iPhone Developer";
				COPY_PHASE_STRIP = NO;
				DEBUG_INFORMATION_FORMAT = "dwarf-with-dsym";
				ENABLE_NS_ASSERTIONS = NO;
				ENABLE_STRICT_OBJC_MSGSEND = YES;
				GCC_C_LANGUAGE_STANDARD = gnu11;
				GCC_NO_COMMON_BLOCKS = YES;
				GCC_WARN_64_TO_32_BIT_CONVERSION = YES;
				GCC_WARN_ABOUT_RETURN_TYPE = YES_ERROR;
				GCC_WARN_UNDECLARED_SELECTOR = YES;
				GCC_WARN_UNINITIALIZED_AUTOS = YES_AGGRESSIVE;
				GCC_WARN_UNUSED_FUNCTION = YES;
				GCC_WARN_UNUSED_VARIABLE = YES;
				IPHONEOS_DEPLOYMENT_TARGET = 12.1;
				MTL_ENABLE_DEBUG_INFO = NO;
				MTL_FAST_MATH = YES;
				SDKROOT = iphoneos;
				SWIFT_COMPILATION_MODE = wholemodule;
				SWIFT_OPTIMIZATION_LEVEL = "-O";
				VALIDATE_PRODUCT = YES;
			};
			name = Release;
		};
		8431C1FA21B705EE0017CF39 /* Debug */ = {
			isa = XCBuildConfiguration;
			buildSettings = {
				ASSETCATALOG_COMPILER_APPICON_NAME = AppIcon;
				CODE_SIGN_STYLE = Automatic;
				DEVELOPMENT_TEAM = S47KDE6E7N;
				INFOPLIST_FILE = "Meme-2.0/Info.plist";
				LD_RUNPATH_SEARCH_PATHS = (
					"$(inherited)",
					"@executable_path/Frameworks",
				);
				PRODUCT_BUNDLE_IDENTIFIER = "edu.asf.we.sa.Meme-2-0";
				PRODUCT_NAME = "$(TARGET_NAME)";
				SWIFT_VERSION = 4.2;
				TARGETED_DEVICE_FAMILY = "1,2";
			};
			name = Debug;
		};
		8431C1FB21B705EE0017CF39 /* Release */ = {
			isa = XCBuildConfiguration;
			buildSettings = {
				ASSETCATALOG_COMPILER_APPICON_NAME = AppIcon;
				CODE_SIGN_STYLE = Automatic;
				DEVELOPMENT_TEAM = S47KDE6E7N;
				INFOPLIST_FILE = "Meme-2.0/Info.plist";
				LD_RUNPATH_SEARCH_PATHS = (
					"$(inherited)",
					"@executable_path/Frameworks",
				);
				PRODUCT_BUNDLE_IDENTIFIER = "edu.asf.we.sa.Meme-2-0";
				PRODUCT_NAME = "$(TARGET_NAME)";
				SWIFT_VERSION = 4.2;
				TARGETED_DEVICE_FAMILY = "1,2";
			};
			name = Release;
		};
/* End XCBuildConfiguration section */

/* Begin XCConfigurationList section */
		8431C1E221B705EC0017CF39 /* Build configuration list for PBXProject "Meme-2.0" */ = {
			isa = XCConfigurationList;
			buildConfigurations = (
				8431C1F721B705EE0017CF39 /* Debug */,
				8431C1F821B705EE0017CF39 /* Release */,
			);
			defaultConfigurationIsVisible = 0;
			defaultConfigurationName = Release;
		};
		8431C1F921B705EE0017CF39 /* Build configuration list for PBXNativeTarget "Meme-2.0" */ = {
			isa = XCConfigurationList;
			buildConfigurations = (
				8431C1FA21B705EE0017CF39 /* Debug */,
				8431C1FB21B705EE0017CF39 /* Release */,
			);
			defaultConfigurationIsVisible = 0;
			defaultConfigurationName = Release;
		};
/* End XCConfigurationList section */
	};
	rootObject = 8431C1DF21B705EC0017CF39 /* Project object */;
}
